
Microsoft Visual Studio Solution File, Format Version 12.00
# Visual Studio 15
VisualStudioVersion = 15.0.28010.2041
MinimumVisualStudioVersion = 10.0.40219.1
Project("{FAE04EC0-301F-11D3-BF4B-00C04F79EFBC}") = "pract1_ex2", "pract1_ex2\pract1_ex2.csproj", "{F572AD47-7889-40E5-8DF7-2E795D8C96E7}"
EndProject
Global
	GlobalSection(SolutionConfigurationPlatforms) = preSolution
		Debug|Any CPU = Debug|Any CPU
		Release|Any CPU = Release|Any CPU
	EndGlobalSection
	GlobalSection(ProjectConfigurationPlatforms) = postSolution
		{F572AD47-7889-40E5-8DF7-2E795D8C96E7}.Debug|Any CPU.ActiveCfg = Debug|Any CPU
		{F572AD47-7889-40E5-8DF7-2E795D8C96E7}.Debug|Any CPU.Build.0 = Debug|Any CPU
		{F572AD47-7889-40E5-8DF7-2E795D8C96E7}.Release|Any CPU.ActiveCfg = Release|Any CPU
		{F572AD47-7889-40E5-8DF7-2E795D8C96E7}.Release|Any CPU.Build.0 = Release|Any CPU
	EndGlobalSection
	GlobalSection(SolutionProperties) = preSolution
		HideSolutionNode = FALSE
	EndGlobalSection
	GlobalSection(ExtensibilityGlobals) = postSolution
		SolutionGuid = {113A009E-FFC6-48B3-B633-313B695C73C3}
	EndGlobalSection
EndGlobal
